{
  "name": "civictheme",
  "lockfileVersion": 3,
  "requires": true,
  "packages": {
    "": {
      "dependencies": {
        "@civictheme/uikit": "github:civictheme/uikit#0248268a497ede1fe3abecd15365fcfb22a4abef"
      }
    },
    "node_modules/@civictheme/uikit": {
      "version": "1.11.0",
      "resolved": "git+ssh://git@github.com/civictheme/uikit.git#0248268a497ede1fe3abecd15365fcfb22a4abef",
      "integrity": "sha512-2OX6gbhDxs3fLH6yBri3wwDlYLkXoBKP9pcF0RnpgTq3WCcaC2xODQYSwpAJSAYY499tKXFwd1ppNhi4uwqYAw==",
      "cpu": [
        "x64",
        "arm",
        "arm64",
        "ia32"
      ],
      "license": "GPL-2.0-or-later",
      "os": [
        "darwin",
        "linux",
        "win32"
      ],
      "workspaces": [
        "packages/*"
      ],
      "optionalDependencies": {
        "@rollup/rollup-darwin-arm64": "^4.40.2"
      }
    },
    "node_modules/@rollup/rollup-darwin-arm64": {
      "version": "4.52.5",
      "resolved": "https://registry.npmjs.org/@rollup/rollup-darwin-arm64/-/rollup-darwin-arm64-4.52.5.tgz",
      "integrity": "sha512-takF3CR71mCAGA+v794QUZ0b6ZSrgJkArC+gUiG6LB6TQty9T0Mqh3m2ImRBOxS2IeYBo4lKWIieSvnEk2OQWA==",
      "cpu": [
        "arm64"
      ],
      "license": "MIT",
      "optional": true,
      "os": [
        "darwin"
      ]
    }
  }
}
