{
  "name": "civictheme",
  "lockfileVersion": 3,
  "requires": true,
  "packages": {
    "": {
      "dependencies": {
        "@civictheme/uikit": "github:civictheme/uikit#42b93a4574ef5e9138fda26ab276c453d48c0532"
      }
    },
    "node_modules/@civictheme/uikit": {
      "version": "1.9.0",
      "resolved": "git+ssh://git@github.com/civictheme/uikit.git#42b93a4574ef5e9138fda26ab276c453d48c0532",
      "license": "GPL-2.0-or-later",
      "dependencies": {
        "@popperjs/core": "^2.11.8"
      }
    },
    "node_modules/@popperjs/core": {
      "version": "2.11.8",
      "resolved": "https://registry.npmjs.org/@popperjs/core/-/core-2.11.8.tgz",
      "integrity": "sha512-P1st0aksCrn9sGZhp8GMYwBnQsbvAWsZAX44oXNNvLHGqAOcoVxmjZiohstwQ7SqKnbR47akdNi+uleWD8+g6A==",
      "license": "MIT",
      "funding": {
        "type": "opencollective",
        "url": "https://opencollective.com/popperjs"
      }
    }
  }
}
