{
  "name": "monorepo-drupal",
  "lockfileVersion": 3,
  "requires": true,
  "packages": {
    "": {
      "dependencies": {
        "@civictheme/uikit": "github:civictheme/uikit#cad32f0100c7f50fe791d0bf084588ee0a1820ec"
      }
    },
    "node_modules/@civictheme/uikit": {
      "version": "1.12.2",
      "resolved": "git+ssh://git@github.com/civictheme/uikit.git#cad32f0100c7f50fe791d0bf084588ee0a1820ec",
      "integrity": "sha512-3ZiFUhAPmJEvVZkkVvei0HFtXVKtQiPpTS63LdV7croCYs56A/bUYbj/+vse2seQDhMDnGRN4c07deayOCBM9w==",
      "cpu": [
        "x64",
        "arm",
        "arm64",
        "ia32"
      ],
      "license": "GPL-2.0-or-later",
      "os": [
        "darwin",
        "linux",
        "win32"
      ],
      "workspaces": [
        "packages/*"
      ],
      "optionalDependencies": {
        "@rollup/rollup-darwin-arm64": "^4.40.2"
      }
    },
    "node_modules/@rollup/rollup-darwin-arm64": {
      "version": "4.53.3",
      "resolved": "https://registry.npmjs.org/@rollup/rollup-darwin-arm64/-/rollup-darwin-arm64-4.53.3.tgz",
      "integrity": "sha512-Nr7SlQeqIBpOV6BHHGZgYBuSdanCXuw09hon14MGOLGmXAFYjx1wNvquVPmpZnl0tLjg25dEdr4IQ6GgyToCUA==",
      "cpu": [
        "arm64"
      ],
      "optional": true,
      "os": [
        "darwin"
      ]
    }
  }
}
